Microsoft Visual Studio Solution File, Format Version 12.00
# Visual Studio Version 17
VisualStudioVersion = 17.5.2.0
MinimumVisualStudioVersion = 10.0.40219.1
Project("{FAE04EC0-301F-11D3-BF4B-00C04F79EFBC}") = "blazor_web", "blazor_web.csproj", "{297B680B-5A8B-173B-3A93-AFB738B8E016}"
EndProject
Global
	GlobalSection(SolutionConfigurationPlatforms) = preSolution
		Debug|Any CPU = Debug|Any CPU
		Release|Any CPU = Release|Any CPU
	EndGlobalSection
	GlobalSection(ProjectConfigurationPlatforms) = postSolution
		{297B680B-5A8B-173B-3A93-AFB738B8E016}.Debug|Any CPU.ActiveCfg = Debug|Any CPU
		{297B680B-5A8B-173B-3A93-AFB738B8E016}.Debug|Any CPU.Build.0 = Debug|Any CPU
		{297B680B-5A8B-173B-3A93-AFB738B8E016}.Release|Any CPU.ActiveCfg = Release|Any CPU
		{297B680B-5A8B-173B-3A93-AFB738B8E016}.Release|Any CPU.Build.0 = Release|Any CPU
	EndGlobalSection
	GlobalSection(SolutionProperties) = preSolution
		HideSolutionNode = FALSE
	EndGlobalSection
	GlobalSection(ExtensibilityGlobals) = postSolution
		SolutionGuid = {FBDC8AF3-3517-43A1-A722-2786D38D8189}
	EndGlobalSection
EndGlobal
